
Microsoft Visual Studio Solution File, Format Version 12.00
# Visual Studio Version 17
VisualStudioVersion = 17.0.31912.275
MinimumVisualStudioVersion = 10.0.40219.1
Project("{9A19103F-16F7-4668-BE54-9A1E7A4F7556}") = "CSharpConsole", "CSharpConsole\CSharpConsole.csproj", "{F908B519-A86E-456D-BEB8-D47913B72F3A}"
EndProject
Project("{9A19103F-16F7-4668-BE54-9A1E7A4F7556}") = "EFTestNET", "EFTestNET\EFTestNET.csproj", "{13DCA170-66C6-4B00-928B-D5C917FCDE97}"
EndProject
Project("{FAE04EC0-301F-11D3-BF4B-00C04F79EFBC}") = "AsynchronousWPF", "AsynchronousWPF\AsynchronousWPF.csproj", "{C7CBA285-8C4B-4318-B450-902C804BAB24}"
EndProject
Project("{9A19103F-16F7-4668-BE54-9A1E7A4F7556}") = "NunitProject", "NunitProject\NunitProject.csproj", "{F49CAC8C-C0A7-4913-8885-E56CBB781B5B}"
EndProject
Project("{FAE04EC0-301F-11D3-BF4B-00C04F79EFBC}") = "WinFormsSample", "WinFormsSample\WinFormsSample.csproj", "{F635ED96-85A2-4151-8FB2-953B82DC2883}"
EndProject
Project("{FAE04EC0-301F-11D3-BF4B-00C04F79EFBC}") = "MyFirstConsoleDbApp", "MyFirstConsoleDbApp\MyFirstConsoleDbApp.csproj", "{0FE838E3-5EC0-4C30-8D1E-9DE8F9303CEB}"
EndProject
Project("{FAE04EC0-301F-11D3-BF4B-00C04F79EFBC}") = "EFTest", "EFTest\EFTest.csproj", "{7973F482-DF4D-404E-A99E-1040D86DC1E3}"
EndProject
Project("{FAE04EC0-301F-11D3-BF4B-00C04F79EFBC}") = "MyEFApp", "MyEFApp\MyEFApp.csproj", "{43F3A56D-B5AF-4F87-B149-F6F12BE0502A}"
EndProject
Global
	GlobalSection(SolutionConfigurationPlatforms) = preSolution
		Debug|Any CPU = Debug|Any CPU
		Release|Any CPU = Release|Any CPU
	EndGlobalSection
	GlobalSection(ProjectConfigurationPlatforms) = postSolution
		{F908B519-A86E-456D-BEB8-D47913B72F3A}.Debug|Any CPU.ActiveCfg = Debug|Any CPU
		{F908B519-A86E-456D-BEB8-D47913B72F3A}.Debug|Any CPU.Build.0 = Debug|Any CPU
		{F908B519-A86E-456D-BEB8-D47913B72F3A}.Release|Any CPU.ActiveCfg = Release|Any CPU
		{F908B519-A86E-456D-BEB8-D47913B72F3A}.Release|Any CPU.Build.0 = Release|Any CPU
		{13DCA170-66C6-4B00-928B-D5C917FCDE97}.Debug|Any CPU.ActiveCfg = Debug|Any CPU
		{13DCA170-66C6-4B00-928B-D5C917FCDE97}.Debug|Any CPU.Build.0 = Debug|Any CPU
		{13DCA170-66C6-4B00-928B-D5C917FCDE97}.Release|Any CPU.ActiveCfg = Release|Any CPU
		{13DCA170-66C6-4B00-928B-D5C917FCDE97}.Release|Any CPU.Build.0 = Release|Any CPU
		{C7CBA285-8C4B-4318-B450-902C804BAB24}.Debug|Any CPU.ActiveCfg = Debug|Any CPU
		{C7CBA285-8C4B-4318-B450-902C804BAB24}.Debug|Any CPU.Build.0 = Debug|Any CPU
		{C7CBA285-8C4B-4318-B450-902C804BAB24}.Release|Any CPU.ActiveCfg = Release|Any CPU
		{C7CBA285-8C4B-4318-B450-902C804BAB24}.Release|Any CPU.Build.0 = Release|Any CPU
		{F49CAC8C-C0A7-4913-8885-E56CBB781B5B}.Debug|Any CPU.ActiveCfg = Debug|Any CPU
		{F49CAC8C-C0A7-4913-8885-E56CBB781B5B}.Debug|Any CPU.Build.0 = Debug|Any CPU
		{F49CAC8C-C0A7-4913-8885-E56CBB781B5B}.Release|Any CPU.ActiveCfg = Release|Any CPU
		{F49CAC8C-C0A7-4913-8885-E56CBB781B5B}.Release|Any CPU.Build.0 = Release|Any CPU
		{F635ED96-85A2-4151-8FB2-953B82DC2883}.Debug|Any CPU.ActiveCfg = Debug|Any CPU
		{F635ED96-85A2-4151-8FB2-953B82DC2883}.Debug|Any CPU.Build.0 = Debug|Any CPU
		{F635ED96-85A2-4151-8FB2-953B82DC2883}.Release|Any CPU.ActiveCfg = Release|Any CPU
		{F635ED96-85A2-4151-8FB2-953B82DC2883}.Release|Any CPU.Build.0 = Release|Any CPU
		{0FE838E3-5EC0-4C30-8D1E-9DE8F9303CEB}.Debug|Any CPU.ActiveCfg = Debug|Any CPU
		{0FE838E3-5EC0-4C30-8D1E-9DE8F9303CEB}.Debug|Any CPU.Build.0 = Debug|Any CPU
		{0FE838E3-5EC0-4C30-8D1E-9DE8F9303CEB}.Release|Any CPU.ActiveCfg = Release|Any CPU
		{0FE838E3-5EC0-4C30-8D1E-9DE8F9303CEB}.Release|Any CPU.Build.0 = Release|Any CPU
		{7973F482-DF4D-404E-A99E-1040D86DC1E3}.Debug|Any CPU.ActiveCfg = Debug|Any CPU
		{7973F482-DF4D-404E-A99E-1040D86DC1E3}.Debug|Any CPU.Build.0 = Debug|Any CPU
		{7973F482-DF4D-404E-A99E-1040D86DC1E3}.Release|Any CPU.ActiveCfg = Release|Any CPU
		{7973F482-DF4D-404E-A99E-1040D86DC1E3}.Release|Any CPU.Build.0 = Release|Any CPU
		{43F3A56D-B5AF-4F87-B149-F6F12BE0502A}.Debug|Any CPU.ActiveCfg = Debug|Any CPU
		{43F3A56D-B5AF-4F87-B149-F6F12BE0502A}.Debug|Any CPU.Build.0 = Debug|Any CPU
		{43F3A56D-B5AF-4F87-B149-F6F12BE0502A}.Release|Any CPU.ActiveCfg = Release|Any CPU
		{43F3A56D-B5AF-4F87-B149-F6F12BE0502A}.Release|Any CPU.Build.0 = Release|Any CPU
	EndGlobalSection
	GlobalSection(SolutionProperties) = preSolution
		HideSolutionNode = FALSE
	EndGlobalSection
	GlobalSection(ExtensibilityGlobals) = postSolution
		SolutionGuid = {E6340B30-E8A4-460D-B362-EC9D813241E7}
	EndGlobalSection
EndGlobal
